<?xml version="1.0" encoding="utf-8"?>
<Project ToolsVersion="4.0" xmlns="http://schemas.microsoft.com/developer/msbuild/2003">
  <ItemGroup>
    <Filter Include="소스 파일">
      <UniqueIdentifier>{4FC737F1-C7A5-4376-A066-2A32D752A2FF}</UniqueIdentifier>
      <Extensions>cpp;c;cc;cxx;c++;cppm;ixx;def;odl;idl;hpj;bat;asm;asmx</Extensions>
    </Filter>
    <Filter Include="헤더 파일">
      <UniqueIdentifier>{93995380-89BD-4b04-88EB-625FBE52EBFB}</UniqueIdentifier>
      <Extensions>h;hh;hpp;hxx;h++;hm;inl;inc;ipp;xsd</Extensions>
    </Filter>
    <Filter Include="리소스 파일">
      <UniqueIdentifier>{67DA6AB6-F800-4c08-8B7A-83BB121AAD01}</UniqueIdentifier>
      <Extensions>rc;ico;cur;bmp;dlg;rc2;rct;bin;rgs;gif;jpg;jpeg;jpe;resx;tiff;tif;png;wav;mfcribbon-ms</Extensions>
    </Filter>
    <Filter Include="MainGame">
      <UniqueIdentifier>{cb6807f4-0fdf-47de-b7e8-4546acbe35ae}</UniqueIdentifier>
    </Filter>
    <Filter Include="2D Framework">
      <UniqueIdentifier>{18f2c5ba-c6f2-4ac2-a4b6-7d870f746713}</UniqueIdentifier>
    </Filter>
    <Filter Include="MainGame\Enemy">
      <UniqueIdentifier>{c4133e5e-cf55-4621-9d31-d82d707d7d16}</UniqueIdentifier>
    </Filter>
    <Filter Include="MainGame\Missile">
      <UniqueIdentifier>{d36fc505-c6d1-42ec-8adf-506fac162227}</UniqueIdentifier>
    </Filter>
    <Filter Include="2D Framework\Time">
      <UniqueIdentifier>{c7803b43-c761-432b-91a3-c75fa7a3236b}</UniqueIdentifier>
    </Filter>
    <Filter Include="2D Framework\Image">
      <UniqueIdentifier>{3e5ddfff-9a8e-4fe9-abc4-f49a2c9a192f}</UniqueIdentifier>
    </Filter>
    <Filter Include="2D Framework\Input">
      <UniqueIdentifier>{67530e47-f37a-4141-b3ff-d48233eef259}</UniqueIdentifier>
    </Filter>
    <Filter Include="2D Framework\Key">
      <UniqueIdentifier>{e4a4b59c-c1f9-4de8-8e09-a3c5a0dbd427}</UniqueIdentifier>
    </Filter>
    <Filter Include="2D Framework\GameObject">
      <UniqueIdentifier>{3ccc4695-ffb1-4178-af91-1b33029ccaeb}</UniqueIdentifier>
    </Filter>
    <Filter Include="MainGame\Rocket">
      <UniqueIdentifier>{1e79367b-4297-43cd-8931-cc5bed246cc1}</UniqueIdentifier>
    </Filter>
    <Filter Include="MainGame\Collider">
      <UniqueIdentifier>{97152418-a94f-4b18-8211-880f3152f0d9}</UniqueIdentifier>
      <UniqueIdentifier>{78d538d5-1c54-4703-98c6-222e2e023f89}</UniqueIdentifier>
    </Filter>
    <Filter Include="2D Framework\UI">
      <UniqueIdentifier>{5ffbe2b4-3d9b-4a73-b167-031356932d2f}</UniqueIdentifier>
    </Filter>
    <Filter Include="2D Framework\State">
      <UniqueIdentifier>{cc212a0e-73c8-4d70-bb9a-03a93fe56c2e}</UniqueIdentifier>
    </Filter>
  </ItemGroup>
  <ItemGroup>
    <ClCompile Include="main.cpp">
      <Filter>소스 파일</Filter>
    </ClCompile>
    <ClCompile Include="MainGame.cpp">
      <Filter>MainGame</Filter>
    </ClCompile>
    <ClCompile Include="Enemy.cpp">
      <Filter>MainGame\Enemy</Filter>
    </ClCompile>
    <ClCompile Include="EnemyManager.cpp">
      <Filter>MainGame\Enemy</Filter>
    </ClCompile>
    <ClCompile Include="Missile.cpp">
      <Filter>MainGame\Missile</Filter>
    </ClCompile>
    <ClCompile Include="Timer.cpp">
      <Filter>2D Framework\Time</Filter>
    </ClCompile>
    <ClCompile Include="TimerManager.cpp">
      <Filter>2D Framework\Time</Filter>
    </ClCompile>
    <ClCompile Include="Image.cpp">
      <Filter>2D Framework\Image</Filter>
    </ClCompile>
    <ClCompile Include="ImageManager.cpp">
      <Filter>2D Framework\Image</Filter>
    </ClCompile>
    <ClCompile Include="InputManager.cpp">
      <Filter>2D Framework\Input</Filter>
    </ClCompile>
    <ClCompile Include="KeyManager.cpp">
      <Filter>2D Framework\Key</Filter>
    </ClCompile>
    <ClCompile Include="GameObject.cpp">
      <Filter>2D Framework\GameObject</Filter>
    </ClCompile>
    <ClCompile Include="Rocket.cpp">
      <Filter>MainGame\Rocket</Filter>
    </ClCompile>
    <ClCompile Include="MissileFactory.cpp">
      <Filter>MainGame\Missile</Filter>
    </ClCompile>
    <ClCompile Include="ColliderManager.cpp">
      <Filter>MainGame\Collider</Filter>
    </ClCompile>
    <ClCompile Include="State.cpp">
      <Filter>2D Framework\State</Filter>
    </ClCompile>
    <ClCompile Include="UIManager.cpp">
      <Filter>2D Framework\UI</Filter>
    </ClCompile>
    <ClCompile Include="EnemyState.cpp">
      <Filter>2D Framework\State</Filter>
    </ClCompile>
  </ItemGroup>
  <ItemGroup>
    <ClInclude Include="config.h">
      <Filter>헤더 파일</Filter>
    </ClInclude>
    <ClInclude Include="CommonFunction.h">
      <Filter>헤더 파일</Filter>
    </ClInclude>
    <ClInclude Include="MainGame.h">
      <Filter>MainGame</Filter>
    </ClInclude>
    <ClInclude Include="Singleton.h">
      <Filter>2D Framework</Filter>
    </ClInclude>
    <ClInclude Include="Enemy.h">
      <Filter>MainGame\Enemy</Filter>
    </ClInclude>
    <ClInclude Include="EnemyManager.h">
      <Filter>MainGame\Enemy</Filter>
    </ClInclude>
    <ClInclude Include="Missile.h">
      <Filter>MainGame\Missile</Filter>
    </ClInclude>
    <ClInclude Include="Timer.h">
      <Filter>2D Framework\Time</Filter>
    </ClInclude>
    <ClInclude Include="TimerManager.h">
      <Filter>2D Framework\Time</Filter>
    </ClInclude>
    <ClInclude Include="Image.h">
      <Filter>2D Framework\Image</Filter>
    </ClInclude>
    <ClInclude Include="ImageManager.h">
      <Filter>2D Framework\Image</Filter>
    </ClInclude>
    <ClInclude Include="InputManager.h">
      <Filter>2D Framework\Input</Filter>
    </ClInclude>
    <ClInclude Include="KeyManager.h">
      <Filter>2D Framework\Key</Filter>
    </ClInclude>
    <ClInclude Include="GameObject.h">
      <Filter>2D Framework\GameObject</Filter>
    </ClInclude>
    <ClInclude Include="Rocket.h">
      <Filter>MainGame\Rocket</Filter>
    </ClInclude>
    <ClInclude Include="MissileFactory.h">
      <Filter>MainGame\Missile</Filter>
    </ClInclude>
    <ClInclude Include="ColliderManager.h">
      <Filter>MainGame\Collider</Filter>
    </ClInclude>
    <ClInclude Include="State.h">
      <Filter>2D Framework\State</Filter>
    </ClInclude>
    <ClInclude Include="UIManager.h">
      <Filter>2D Framework\UI</Filter>
    </ClInclude>
    <ClInclude Include="EnemyState.h">
      <Filter>2D Framework\State</Filter>
    </ClInclude>
  </ItemGroup>
  <ItemGroup>
    <None Include="ClassDiagram.cd" />
  </ItemGroup>
</Project>